
Microsoft Visual Studio Solution File, Format Version 12.00
# Visual Studio 2012
Project("{FAE04EC0-301F-11D3-BF4B-00C04F79EFBC}") = "DemoMVC", "DemoMVC\DemoMVC.csproj", "{357869B6-D777-4B01-AE08-0567628FFCA4}"
EndProject
Global
	GlobalSection(SolutionConfigurationPlatforms) = preSolution
		Debug|Any CPU = Debug|Any CPU
		Release|Any CPU = Release|Any CPU
	EndGlobalSection
	GlobalSection(ProjectConfigurationPlatforms) = postSolution
		{357869B6-D777-4B01-AE08-0567628FFCA4}.Debug|Any CPU.ActiveCfg = Debug|Any CPU
		{357869B6-D777-4B01-AE08-0567628FFCA4}.Debug|Any CPU.Build.0 = Debug|Any CPU
		{357869B6-D777-4B01-AE08-0567628FFCA4}.Release|Any CPU.ActiveCfg = Release|Any CPU
		{357869B6-D777-4B01-AE08-0567628FFCA4}.Release|Any CPU.Build.0 = Release|Any CPU
	EndGlobalSection
EndGlobal
